// !$*UTF8*$!
{
	archiveVersion = 1;
	classes = {
	};
	objectVersion = 46;
	objects = {

/* Begin PBXBuildFile section */
		8C44CD301E5D5E2C008295AD /* main.m in Sources */ = {isa = PBXBuildFile; fileRef = 8C44CD2F1E5D5E2C008295AD /* main.m */; };
		8C44CD331E5D5E2C008295AD /* AppDelegate.m in Sources */ = {isa = PBXBuildFile; fileRef = 8C44CD321E5D5E2C008295AD /* AppDelegate.m */; };
		8C44CD361E5D5E2C008295AD /* ViewController.m in Sources */ = {isa = PBXBuildFile; fileRef = 8C44CD351E5D5E2C008295AD /* ViewController.m */; };
		8C44CD391E5D5E2C008295AD /* Main.storyboard in Resources */ = {isa = PBXBuildFile; fileRef = 8C44CD371E5D5E2C008295AD /* Main.storyboard */; };
		8C44CD3B1E5D5E2C008295AD /* Assets.xcassets in Resources */ = {isa = PBXBuildFile; fileRef = 8C44CD3A1E5D5E2C008295AD /* Assets.xcassets */; };
		8C44CD3E1E5D5E2C008295AD /* LaunchScreen.storyboard in Resources */ = {isa = PBXBuildFile; fileRef = 8C44CD3C1E5D5E2C008295AD /* LaunchScreen.storyboard */; };
		8C44CD5B1E5D5E53008295AD /* kr-video-player-back@2x.png in Resources */ = {isa = PBXBuildFile; fileRef = 8C44CD471E5D5E53008295AD /* kr-video-player-back@2x.png */; settings = {ASSET_TAGS = (); }; };
		8C44CD5C1E5D5E53008295AD /* kr-video-player-back@3x.png in Resources */ = {isa = PBXBuildFile; fileRef = 8C44CD481E5D5E53008295AD /* kr-video-player-back@3x.png */; settings = {ASSET_TAGS = (); }; };
		8C44CD5D1E5D5E53008295AD /* kr-video-player-close@2x.png in Resources */ = {isa = PBXBuildFile; fileRef = 8C44CD491E5D5E53008295AD /* kr-video-player-close@2x.png */; settings = {ASSET_TAGS = (); }; };
		8C44CD5E1E5D5E53008295AD /* kr-video-player-close@3x.png in Resources */ = {isa = PBXBuildFile; fileRef = 8C44CD4A1E5D5E53008295AD /* kr-video-player-close@3x.png */; settings = {ASSET_TAGS = (); }; };
		8C44CD5F1E5D5E53008295AD /* kr-video-player-fullscreen@2x.png in Resources */ = {isa = PBXBuildFile; fileRef = 8C44CD4B1E5D5E53008295AD /* kr-video-player-fullscreen@2x.png */; settings = {ASSET_TAGS = (); }; };
		8C44CD601E5D5E53008295AD /* kr-video-player-fullscreen@3x.png in Resources */ = {isa = PBXBuildFile; fileRef = 8C44CD4C1E5D5E53008295AD /* kr-video-player-fullscreen@3x.png */; settings = {ASSET_TAGS = (); }; };
		8C44CD611E5D5E53008295AD /* kr-video-player-pause@2x.png in Resources */ = {isa = PBXBuildFile; fileRef = 8C44CD4D1E5D5E53008295AD /* kr-video-player-pause@2x.png */; settings = {ASSET_TAGS = (); }; };
		8C44CD621E5D5E53008295AD /* kr-video-player-pause@3x.png in Resources */ = {isa = PBXBuildFile; fileRef = 8C44CD4E1E5D5E53008295AD /* kr-video-player-pause@3x.png */; settings = {ASSET_TAGS = (); }; };
		8C44CD631E5D5E53008295AD /* kr-video-player-play@2x.png in Resources */ = {isa = PBXBuildFile; fileRef = 8C44CD4F1E5D5E53008295AD /* kr-video-player-play@2x.png */; settings = {ASSET_TAGS = (); }; };
		8C44CD641E5D5E53008295AD /* kr-video-player-play@3x.png in Resources */ = {isa = PBXBuildFile; fileRef = 8C44CD501E5D5E53008295AD /* kr-video-player-play@3x.png */; settings = {ASSET_TAGS = (); }; };
		8C44CD651E5D5E53008295AD /* kr-video-player-point@2x.png in Resources */ = {isa = PBXBuildFile; fileRef = 8C44CD511E5D5E53008295AD /* kr-video-player-point@2x.png */; settings = {ASSET_TAGS = (); }; };
		8C44CD661E5D5E53008295AD /* kr-video-player-point@3x.png in Resources */ = {isa = PBXBuildFile; fileRef = 8C44CD521E5D5E53008295AD /* kr-video-player-point@3x.png */; settings = {ASSET_TAGS = (); }; };
		8C44CD671E5D5E53008295AD /* kr-video-player-shrinkscreen@2x.png in Resources */ = {isa = PBXBuildFile; fileRef = 8C44CD531E5D5E53008295AD /* kr-video-player-shrinkscreen@2x.png */; settings = {ASSET_TAGS = (); }; };
		8C44CD681E5D5E53008295AD /* kr-video-player-shrinkscreen@3x.png in Resources */ = {isa = PBXBuildFile; fileRef = 8C44CD541E5D5E53008295AD /* kr-video-player-shrinkscreen@3x.png */; settings = {ASSET_TAGS = (); }; };
		8C44CD691E5D5E53008295AD /* AVMoviePlayerController.m in Sources */ = {isa = PBXBuildFile; fileRef = 8C44CD561E5D5E53008295AD /* AVMoviePlayerController.m */; settings = {ASSET_TAGS = (); }; };
		8C44CD6A1E5D5E53008295AD /* AVMoviePlayerView.m in Sources */ = {isa = PBXBuildFile; fileRef = 8C44CD581E5D5E53008295AD /* AVMoviePlayerView.m */; settings = {ASSET_TAGS = (); }; };
		8C44CD6B1E5D5E53008295AD /* README.md in Sources */ = {isa = PBXBuildFile; fileRef = 8C44CD5A1E5D5E53008295AD /* README.md */; settings = {ASSET_TAGS = (); }; };
/* End PBXBuildFile section */

/* Begin PBXFileReference section */
		8C44CD2B1E5D5E2C008295AD /* AVMoviePlayer.app */ = {isa = PBXFileReference; explicitFileType = wrapper.application; includeInIndex = 0; path = AVMoviePlayer.app; sourceTree = BUILT_PRODUCTS_DIR; };
		8C44CD2F1E5D5E2C008295AD /* main.m */ = {isa = PBXFileReference; lastKnownFileType = sourcecode.c.objc; path = main.m; sourceTree = "<group>"; };
		8C44CD311E5D5E2C008295AD /* AppDelegate.h */ = {isa = PBXFileReference; lastKnownFileType = sourcecode.c.h; path = AppDelegate.h; sourceTree = "<group>"; };
		8C44CD321E5D5E2C008295AD /* AppDelegate.m */ = {isa = PBXFileReference; lastKnownFileType = sourcecode.c.objc; path = AppDelegate.m; sourceTree = "<group>"; };
		8C44CD341E5D5E2C008295AD /* ViewController.h */ = {isa = PBXFileReference; lastKnownFileType = sourcecode.c.h; path = ViewController.h; sourceTree = "<group>"; };
		8C44CD351E5D5E2C008295AD /* ViewController.m */ = {isa = PBXFileReference; lastKnownFileType = sourcecode.c.objc; path = ViewController.m; sourceTree = "<group>"; };
		8C44CD381E5D5E2C008295AD /* Base */ = {isa = PBXFileReference; lastKnownFileType = file.storyboard; name = Base; path = Base.lproj/Main.storyboard; sourceTree = "<group>"; };
		8C44CD3A1E5D5E2C008295AD /* Assets.xcassets */ = {isa = PBXFileReference; lastKnownFileType = folder.assetcatalog; path = Assets.xcassets; sourceTree = "<group>"; };
		8C44CD3D1E5D5E2C008295AD /* Base */ = {isa = PBXFileReference; lastKnownFileType = file.storyboard; name = Base; path = Base.lproj/LaunchScreen.storyboard; sourceTree = "<group>"; };
		8C44CD3F1E5D5E2C008295AD /* Info.plist */ = {isa = PBXFileReference; lastKnownFileType = text.plist.xml; path = Info.plist; sourceTree = "<group>"; };
		8C44CD471E5D5E53008295AD /* kr-video-player-back@2x.png */ = {isa = PBXFileReference; lastKnownFileType = image.png; path = "kr-video-player-back@2x.png"; sourceTree = "<group>"; };
		8C44CD481E5D5E53008295AD /* kr-video-player-back@3x.png */ = {isa = PBXFileReference; lastKnownFileType = image.png; path = "kr-video-player-back@3x.png"; sourceTree = "<group>"; };
		8C44CD491E5D5E53008295AD /* kr-video-player-close@2x.png */ = {isa = PBXFileReference; lastKnownFileType = image.png; path = "kr-video-player-close@2x.png"; sourceTree = "<group>"; };
		8C44CD4A1E5D5E53008295AD /* kr-video-player-close@3x.png */ = {isa = PBXFileReference; lastKnownFileType = image.png; path = "kr-video-player-close@3x.png"; sourceTree = "<group>"; };
		8C44CD4B1E5D5E53008295AD /* kr-video-player-fullscreen@2x.png */ = {isa = PBXFileReference; lastKnownFileType = image.png; path = "kr-video-player-fullscreen@2x.png"; sourceTree = "<group>"; };
		8C44CD4C1E5D5E53008295AD /* kr-video-player-fullscreen@3x.png */ = {isa = PBXFileReference; lastKnownFileType = image.png; path = "kr-video-player-fullscreen@3x.png"; sourceTree = "<group>"; };
		8C44CD4D1E5D5E53008295AD /* kr-video-player-pause@2x.png */ = {isa = PBXFileReference; lastKnownFileType = image.png; path = "kr-video-player-pause@2x.png"; sourceTree = "<group>"; };
		8C44CD4E1E5D5E53008295AD /* kr-video-player-pause@3x.png */ = {isa = PBXFileReference; lastKnownFileType = image.png; path = "kr-video-player-pause@3x.png"; sourceTree = "<group>"; };
		8C44CD4F1E5D5E53008295AD /* kr-video-player-play@2x.png */ = {isa = PBXFileReference; lastKnownFileType = image.png; path = "kr-video-player-play@2x.png"; sourceTree = "<group>"; };
		8C44CD501E5D5E53008295AD /* kr-video-player-play@3x.png */ = {isa = PBXFileReference; lastKnownFileType = image.png; path = "kr-video-player-play@3x.png"; sourceTree = "<group>"; };
		8C44CD511E5D5E53008295AD /* kr-video-player-point@2x.png */ = {isa = PBXFileReference; lastKnownFileType = image.png; path = "kr-video-player-point@2x.png"; sourceTree = "<group>"; };
		8C44CD521E5D5E53008295AD /* kr-video-player-point@3x.png */ = {isa = PBXFileReference; lastKnownFileType = image.png; path = "kr-video-player-point@3x.png"; sourceTree = "<group>"; };
		8C44CD531E5D5E53008295AD /* kr-video-player-shrinkscreen@2x.png */ = {isa = PBXFileReference; lastKnownFileType = image.png; path = "kr-video-player-shrinkscreen@2x.png"; sourceTree = "<group>"; };
		8C44CD541E5D5E53008295AD /* kr-video-player-shrinkscreen@3x.png */ = {isa = PBXFileReference; lastKnownFileType = image.png; path = "kr-video-player-shrinkscreen@3x.png"; sourceTree = "<group>"; };
		8C44CD551E5D5E53008295AD /* AVMoviePlayerController.h */ = {isa = PBXFileReference; fileEncoding = 4; lastKnownFileType = sourcecode.c.h; path = AVMoviePlayerController.h; sourceTree = "<group>"; };
		8C44CD561E5D5E53008295AD /* AVMoviePlayerController.m */ = {isa = PBXFileReference; fileEncoding = 4; lastKnownFileType = sourcecode.c.objc; path = AVMoviePlayerController.m; sourceTree = "<group>"; };
		8C44CD571E5D5E53008295AD /* AVMoviePlayerView.h */ = {isa = PBXFileReference; fileEncoding = 4; lastKnownFileType = sourcecode.c.h; path = AVMoviePlayerView.h; sourceTree = "<group>"; };
		8C44CD581E5D5E53008295AD /* AVMoviePlayerView.m */ = {isa = PBXFileReference; fileEncoding = 4; lastKnownFileType = sourcecode.c.objc; path = AVMoviePlayerView.m; sourceTree = "<group>"; };
		8C44CD5A1E5D5E53008295AD /* README.md */ = {isa = PBXFileReference; fileEncoding = 4; lastKnownFileType = net.daringfireball.markdown; path = README.md; sourceTree = "<group>"; };
/* End PBXFileReference section */

/* Begin PBXFrameworksBuildPhase section */
		8C44CD281E5D5E2C008295AD /* Frameworks */ = {
			isa = PBXFrameworksBuildPhase;
			buildActionMask = 2147483647;
			files = (
			);
			runOnlyForDeploymentPostprocessing = 0;
		};
/* End PBXFrameworksBuildPhase section */

/* Begin PBXGroup section */
		8C44CD221E5D5E2C008295AD = {
			isa = PBXGroup;
			children = (
				8C44CD2D1E5D5E2C008295AD /* AVMoviePlayer */,
				8C44CD2C1E5D5E2C008295AD /* Products */,
			);
			sourceTree = "<group>";
		};
		8C44CD2C1E5D5E2C008295AD /* Products */ = {
			isa = PBXGroup;
			children = (
				8C44CD2B1E5D5E2C008295AD /* AVMoviePlayer.app */,
			);
			name = Products;
			sourceTree = "<group>";
		};
		8C44CD2D1E5D5E2C008295AD /* AVMoviePlayer */ = {
			isa = PBXGroup;
			children = (
				8C44CD311E5D5E2C008295AD /* AppDelegate.h */,
				8C44CD321E5D5E2C008295AD /* AppDelegate.m */,
				8C44CD341E5D5E2C008295AD /* ViewController.h */,
				8C44CD351E5D5E2C008295AD /* ViewController.m */,
				8C44CD451E5D5E53008295AD /* AVMoviePlayer */,
				8C44CD371E5D5E2C008295AD /* Main.storyboard */,
				8C44CD3A1E5D5E2C008295AD /* Assets.xcassets */,
				8C44CD3C1E5D5E2C008295AD /* LaunchScreen.storyboard */,
				8C44CD3F1E5D5E2C008295AD /* Info.plist */,
				8C44CD2E1E5D5E2C008295AD /* Supporting Files */,
			);
			path = AVMoviePlayer;
			sourceTree = "<group>";
		};
		8C44CD2E1E5D5E2C008295AD /* Supporting Files */ = {
			isa = PBXGroup;
			children = (
				8C44CD2F1E5D5E2C008295AD /* main.m */,
			);
			name = "Supporting Files";
			sourceTree = "<group>";
		};
		8C44CD451E5D5E53008295AD /* AVMoviePlayer */ = {
			isa = PBXGroup;
			children = (
				8C44CD461E5D5E53008295AD /* Assets_Images */,
				8C44CD551E5D5E53008295AD /* AVMoviePlayerController.h */,
				8C44CD561E5D5E53008295AD /* AVMoviePlayerController.m */,
				8C44CD571E5D5E53008295AD /* AVMoviePlayerView.h */,
				8C44CD581E5D5E53008295AD /* AVMoviePlayerView.m */,
				8C44CD5A1E5D5E53008295AD /* README.md */,
			);
			path = AVMoviePlayer;
			sourceTree = "<group>";
		};
		8C44CD461E5D5E53008295AD /* Assets_Images */ = {
			isa = PBXGroup;
			children = (
				8C44CD471E5D5E53008295AD /* kr-video-player-back@2x.png */,
				8C44CD481E5D5E53008295AD /* kr-video-player-back@3x.png */,
				8C44CD491E5D5E53008295AD /* kr-video-player-close@2x.png */,
				8C44CD4A1E5D5E53008295AD /* kr-video-player-close@3x.png */,
				8C44CD4B1E5D5E53008295AD /* kr-video-player-fullscreen@2x.png */,
				8C44CD4C1E5D5E53008295AD /* kr-video-player-fullscreen@3x.png */,
				8C44CD4D1E5D5E53008295AD /* kr-video-player-pause@2x.png */,
				8C44CD4E1E5D5E53008295AD /* kr-video-player-pause@3x.png */,
				8C44CD4F1E5D5E53008295AD /* kr-video-player-play@2x.png */,
				8C44CD501E5D5E53008295AD /* kr-video-player-play@3x.png */,
				8C44CD511E5D5E53008295AD /* kr-video-player-point@2x.png */,
				8C44CD521E5D5E53008295AD /* kr-video-player-point@3x.png */,
				8C44CD531E5D5E53008295AD /* kr-video-player-shrinkscreen@2x.png */,
				8C44CD541E5D5E53008295AD /* kr-video-player-shrinkscreen@3x.png */,
			);
			path = Assets_Images;
			sourceTree = "<group>";
		};
/* End PBXGroup section */

/* Begin PBXNativeTarget section */
		8C44CD2A1E5D5E2C008295AD /* AVMoviePlayer */ = {
			isa = PBXNativeTarget;
			buildConfigurationList = 8C44CD421E5D5E2C008295AD /* Build configuration list for PBXNativeTarget "AVMoviePlayer" */;
			buildPhases = (
				8C44CD271E5D5E2C008295AD /* Sources */,
				8C44CD281E5D5E2C008295AD /* Frameworks */,
				8C44CD291E5D5E2C008295AD /* Resources */,
			);
			buildRules = (
			);
			dependencies = (
			);
			name = AVMoviePlayer;
			productName = AVMoviePlayer;
			productReference = 8C44CD2B1E5D5E2C008295AD /* AVMoviePlayer.app */;
			productType = "com.apple.product-type.application";
		};
/* End PBXNativeTarget section */

/* Begin PBXProject section */
		8C44CD231E5D5E2C008295AD /* Project object */ = {
			isa = PBXProject;
			attributes = {
				LastUpgradeCheck = 0700;
				ORGANIZATIONNAME = HuaTiKeJi;
				TargetAttributes = {
					8C44CD2A1E5D5E2C008295AD = {
						CreatedOnToolsVersion = 7.0;
					};
				};
			};
			buildConfigurationList = 8C44CD261E5D5E2C008295AD /* Build configuration list for PBXProject "AVMoviePlayer" */;
			compatibilityVersion = "Xcode 3.2";
			developmentRegion = English;
			hasScannedForEncodings = 0;
			knownRegions = (
				en,
				Base,
			);
			mainGroup = 8C44CD221E5D5E2C008295AD;
			productRefGroup = 8C44CD2C1E5D5E2C008295AD /* Products */;
			projectDirPath = "";
			projectRoot = "";
			targets = (
				8C44CD2A1E5D5E2C008295AD /* AVMoviePlayer */,
			);
		};
/* End PBXProject section */

/* Begin PBXResourcesBuildPhase section */
		8C44CD291E5D5E2C008295AD /* Resources */ = {
			isa = PBXResourcesBuildPhase;
			buildActionMask = 2147483647;
			files = (
				8C44CD3E1E5D5E2C008295AD /* LaunchScreen.storyboard in Resources */,
				8C44CD601E5D5E53008295AD /* kr-video-player-fullscreen@3x.png in Resources */,
				8C44CD631E5D5E53008295AD /* kr-video-player-play@2x.png in Resources */,
				8C44CD5D1E5D5E53008295AD /* kr-video-player-close@2x.png in Resources */,
				8C44CD5B1E5D5E53008295AD /* kr-video-player-back@2x.png in Resources */,
				8C44CD661E5D5E53008295AD /* kr-video-player-point@3x.png in Resources */,
				8C44CD681E5D5E53008295AD /* kr-video-player-shrinkscreen@3x.png in Resources */,
				8C44CD5F1E5D5E53008295AD /* kr-video-player-fullscreen@2x.png in Resources */,
				8C44CD5E1E5D5E53008295AD /* kr-video-player-close@3x.png in Resources */,
				8C44CD3B1E5D5E2C008295AD /* Assets.xcassets in Resources */,
				8C44CD5C1E5D5E53008295AD /* kr-video-player-back@3x.png in Resources */,
				8C44CD391E5D5E2C008295AD /* Main.storyboard in Resources */,
				8C44CD621E5D5E53008295AD /* kr-video-player-pause@3x.png in Resources */,
				8C44CD651E5D5E53008295AD /* kr-video-player-point@2x.png in Resources */,
				8C44CD641E5D5E53008295AD /* kr-video-player-play@3x.png in Resources */,
				8C44CD611E5D5E53008295AD /* kr-video-player-pause@2x.png in Resources */,
				8C44CD671E5D5E53008295AD /* kr-video-player-shrinkscreen@2x.png in Resources */,
			);
			runOnlyForDeploymentPostprocessing = 0;
		};
/* End PBXResourcesBuildPhase section */

/* Begin PBXSourcesBuildPhase section */
		8C44CD271E5D5E2C008295AD /* Sources */ = {
			isa = PBXSourcesBuildPhase;
			buildActionMask = 2147483647;
			files = (
				8C44CD6B1E5D5E53008295AD /* README.md in Sources */,
				8C44CD691E5D5E53008295AD /* AVMoviePlayerController.m in Sources */,
				8C44CD361E5D5E2C008295AD /* ViewController.m in Sources */,
				8C44CD6A1E5D5E53008295AD /* AVMoviePlayerView.m in Sources */,
				8C44CD331E5D5E2C008295AD /* AppDelegate.m in Sources */,
				8C44CD301E5D5E2C008295AD /* main.m in Sources */,
			);
			runOnlyForDeploymentPostprocessing = 0;
		};
/* End PBXSourcesBuildPhase section */

/* Begin PBXVariantGroup section */
		8C44CD371E5D5E2C008295AD /* Main.storyboard */ = {
			isa = PBXVariantGroup;
			children = (
				8C44CD381E5D5E2C008295AD /* Base */,
			);
			name = Main.storyboard;
			sourceTree = "<group>";
		};
		8C44CD3C1E5D5E2C008295AD /* LaunchScreen.storyboard */ = {
			isa = PBXVariantGroup;
			children = (
				8C44CD3D1E5D5E2C008295AD /* Base */,
			);
			name = LaunchScreen.storyboard;
			sourceTree = "<group>";
		};
/* End PBXVariantGroup section */

/* Begin XCBuildConfiguration section */
		8C44CD401E5D5E2C008295AD /* Debug */ = {
			isa = XCBuildConfiguration;
			buildSettings = {
				ALWAYS_SEARCH_USER_PATHS = NO;
				CLANG_CXX_LANGUAGE_STANDARD = "gnu++0x";
				CLANG_CXX_LIBRARY = "libc++";
				CLANG_ENABLE_MODULES = YES;
				CLANG_ENABLE_OBJC_ARC = YES;
				CLANG_WARN_BOOL_CONVERSION = YES;
				CLANG_WARN_CONSTANT_CONVERSION = YES;
				CLANG_WARN_DIRECT_OBJC_ISA_USAGE = YES_ERROR;
				CLANG_WARN_EMPTY_BODY = YES;
				CLANG_WARN_ENUM_CONVERSION = YES;
				CLANG_WARN_INT_CONVERSION = YES;
				CLANG_WARN_OBJC_ROOT_CLASS = YES_ERROR;
				CLANG_WARN_UNREACHABLE_CODE = YES;
				CLANG_WARN__DUPLICATE_METHOD_MATCH = YES;
				"CODE_SIGN_IDENTITY[sdk=iphoneos*]" = "iPhone Developer";
				COPY_PHASE_STRIP = NO;
				DEBUG_INFORMATION_FORMAT = dwarf;
				ENABLE_STRICT_OBJC_MSGSEND = YES;
				ENABLE_TESTABILITY = YES;
				GCC_C_LANGUAGE_STANDARD = gnu99;
				GCC_DYNAMIC_NO_PIC = NO;
				GCC_NO_COMMON_BLOCKS = YES;
				GCC_OPTIMIZATION_LEVEL = 0;
				GCC_PREPROCESSOR_DEFINITIONS = (
					"DEBUG=1",
					"$(inherited)",
				);
				GCC_WARN_64_TO_32_BIT_CONVERSION = YES;
				GCC_WARN_ABOUT_RETURN_TYPE = YES_ERROR;
				GCC_WARN_UNDECLARED_SELECTOR = YES;
				GCC_WARN_UNINITIALIZED_AUTOS = YES_AGGRESSIVE;
				GCC_WARN_UNUSED_FUNCTION = YES;
				GCC_WARN_UNUSED_VARIABLE = YES;
				IPHONEOS_DEPLOYMENT_TARGET = 9.0;
				MTL_ENABLE_DEBUG_INFO = YES;
				ONLY_ACTIVE_ARCH = YES;
				SDKROOT = iphoneos;
			};
			name = Debug;
		};
		8C44CD411E5D5E2C008295AD /* Release */ = {
			isa = XCBuildConfiguration;
			buildSettings = {
				ALWAYS_SEARCH_USER_PATHS = NO;
				CLANG_CXX_LANGUAGE_STANDARD = "gnu++0x";
				CLANG_CXX_LIBRARY = "libc++";
				CLANG_ENABLE_MODULES = YES;
				CLANG_ENABLE_OBJC_ARC = YES;
				CLANG_WARN_BOOL_CONVERSION = YES;
				CLANG_WARN_CONSTANT_CONVERSION = YES;
				CLANG_WARN_DIRECT_OBJC_ISA_USAGE = YES_ERROR;
				CLANG_WARN_EMPTY_BODY = YES;
				CLANG_WARN_ENUM_CONVERSION = YES;
				CLANG_WARN_INT_CONVERSION = YES;
				CLANG_WARN_OBJC_ROOT_CLASS = YES_ERROR;
				CLANG_WARN_UNREACHABLE_CODE = YES;
				CLANG_WARN__DUPLICATE_METHOD_MATCH = YES;
				"CODE_SIGN_IDENTITY[sdk=iphoneos*]" = "iPhone Developer";
				COPY_PHASE_STRIP = NO;
				DEBUG_INFORMATION_FORMAT = "dwarf-with-dsym";
				ENABLE_NS_ASSERTIONS = NO;
				ENABLE_STRICT_OBJC_MSGSEND = YES;
				GCC_C_LANGUAGE_STANDARD = gnu99;
				GCC_NO_COMMON_BLOCKS = YES;
				GCC_WARN_64_TO_32_BIT_CONVERSION = YES;
				GCC_WARN_ABOUT_RETURN_TYPE = YES_ERROR;
				GCC_WARN_UNDECLARED_SELECTOR = YES;
				GCC_WARN_UNINITIALIZED_AUTOS = YES_AGGRESSIVE;
				GCC_WARN_UNUSED_FUNCTION = YES;
				GCC_WARN_UNUSED_VARIABLE = YES;
				IPHONEOS_DEPLOYMENT_TARGET = 9.0;
				MTL_ENABLE_DEBUG_INFO = NO;
				SDKROOT = iphoneos;
				VALIDATE_PRODUCT = YES;
			};
			name = Release;
		};
		8C44CD431E5D5E2C008295AD /* Debug */ = {
			isa = XCBuildConfiguration;
			buildSettings = {
				ASSETCATALOG_COMPILER_APPICON_NAME = AppIcon;
				INFOPLIST_FILE = AVMoviePlayer/Info.plist;
				IPHONEOS_DEPLOYMENT_TARGET = 8.0;
				LD_RUNPATH_SEARCH_PATHS = "$(inherited) @executable_path/Frameworks";
				PRODUCT_BUNDLE_IDENTIFIER = com.huati.AVMoviePlayer;
				PRODUCT_NAME = "$(TARGET_NAME)";
			};
			name = Debug;
		};
		8C44CD441E5D5E2C008295AD /* Release */ = {
			isa = XCBuildConfiguration;
			buildSettings = {
				ASSETCATALOG_COMPILER_APPICON_NAME = AppIcon;
				INFOPLIST_FILE = AVMoviePlayer/Info.plist;
				IPHONEOS_DEPLOYMENT_TARGET = 8.0;
				LD_RUNPATH_SEARCH_PATHS = "$(inherited) @executable_path/Frameworks";
				PRODUCT_BUNDLE_IDENTIFIER = com.huati.AVMoviePlayer;
				PRODUCT_NAME = "$(TARGET_NAME)";
			};
			name = Release;
		};
/* End XCBuildConfiguration section */

/* Begin XCConfigurationList section */
		8C44CD261E5D5E2C008295AD /* Build configuration list for PBXProject "AVMoviePlayer" */ = {
			isa = XCConfigurationList;
			buildConfigurations = (
				8C44CD401E5D5E2C008295AD /* Debug */,
				8C44CD411E5D5E2C008295AD /* Release */,
			);
			defaultConfigurationIsVisible = 0;
			defaultConfigurationName = Release;
		};
		8C44CD421E5D5E2C008295AD /* Build configuration list for PBXNativeTarget "AVMoviePlayer" */ = {
			isa = XCConfigurationList;
			buildConfigurations = (
				8C44CD431E5D5E2C008295AD /* Debug */,
				8C44CD441E5D5E2C008295AD /* Release */,
			);
			defaultConfigurationIsVisible = 0;
		};
/* End XCConfigurationList section */
	};
	rootObject = 8C44CD231E5D5E2C008295AD /* Project object */;
}
